// !$*UTF8*$!
{
	archiveVersion = 1;
	classes = {
	};
	objectVersion = 56;
	objects = {

/* Begin PBXBuildFile section */
		B418FA8E2A84896F00E7F478 /* ToDoList.swift in Sources */ = {isa = PBXBuildFile; fileRef = B418FA8D2A84896F00E7F478 /* ToDoList.swift */; };
		B418FA902A848B1A00E7F478 /* ToDoListStore.swift in Sources */ = {isa = PBXBuildFile; fileRef = B418FA8F2A848B1A00E7F478 /* ToDoListStore.swift */; };
		B418FA932A84959900E7F478 /* TodoItemCell.swift in Sources */ = {isa = PBXBuildFile; fileRef = B418FA922A84959900E7F478 /* TodoItemCell.swift */; };
		B418FA952A8495C700E7F478 /* EmptyTodoListView.swift in Sources */ = {isa = PBXBuildFile; fileRef = B418FA942A8495C700E7F478 /* EmptyTodoListView.swift */; };
		B43190DB2A845AFD0099BF46 /* MV_ToDoAppApp.swift in Sources */ = {isa = PBXBuildFile; fileRef = B43190DA2A845AFD0099BF46 /* MV_ToDoAppApp.swift */; };
		B43190DF2A845B000099BF46 /* Assets.xcassets in Resources */ = {isa = PBXBuildFile; fileRef = B43190DE2A845B000099BF46 /* Assets.xcassets */; };
		B43190E22A845B000099BF46 /* Preview Assets.xcassets in Resources */ = {isa = PBXBuildFile; fileRef = B43190E12A845B000099BF46 /* Preview Assets.xcassets */; };
		B43190EC2A845B010099BF46 /* MV_ToDoAppTests.swift in Sources */ = {isa = PBXBuildFile; fileRef = B43190EB2A845B010099BF46 /* MV_ToDoAppTests.swift */; };
		B43190F62A845B010099BF46 /* MV_ToDoAppUITests.swift in Sources */ = {isa = PBXBuildFile; fileRef = B43190F52A845B010099BF46 /* MV_ToDoAppUITests.swift */; };
		B43190F82A845B010099BF46 /* MV_ToDoAppUITestsLaunchTests.swift in Sources */ = {isa = PBXBuildFile; fileRef = B43190F72A845B010099BF46 /* MV_ToDoAppUITestsLaunchTests.swift */; };
		B43191102A845DC70099BF46 /* ToDoListView.swift in Sources */ = {isa = PBXBuildFile; fileRef = B431910F2A845DC70099BF46 /* ToDoListView.swift */; };
		B43191122A845DD30099BF46 /* ToDoItem.swift in Sources */ = {isa = PBXBuildFile; fileRef = B43191112A845DD30099BF46 /* ToDoItem.swift */; };
		B43191152A845E3A0099BF46 /* ToDoListApi.swift in Sources */ = {isa = PBXBuildFile; fileRef = B43191142A845E3A0099BF46 /* ToDoListApi.swift */; };
		B43191182A845E650099BF46 /* ApiCaller.swift in Sources */ = {isa = PBXBuildFile; fileRef = B43191172A845E650099BF46 /* ApiCaller.swift */; };
		B431911C2A8460530099BF46 /* ApiCallerError.swift in Sources */ = {isa = PBXBuildFile; fileRef = B431911B2A8460530099BF46 /* ApiCallerError.swift */; };
		B431911E2A8463530099BF46 /* ToDoList_LocalService.swift in Sources */ = {isa = PBXBuildFile; fileRef = B431911D2A8463530099BF46 /* ToDoList_LocalService.swift */; };
		B441D0572A85DEEB0067CDA8 /* CustomError.swift in Sources */ = {isa = PBXBuildFile; fileRef = B441D0562A85DEEB0067CDA8 /* CustomError.swift */; };
		B44EA6612A85ADE500EC427B /* ToolbarEditButton.swift in Sources */ = {isa = PBXBuildFile; fileRef = B44EA6602A85ADE500EC427B /* ToolbarEditButton.swift */; };
		B4AAA8632A84A4C200F835E6 /* ChangeTodoListNameView.swift in Sources */ = {isa = PBXBuildFile; fileRef = B4AAA8622A84A4C200F835E6 /* ChangeTodoListNameView.swift */; };
/* End PBXBuildFile section */

/* Begin PBXContainerItemProxy section */
		B43190E82A845B010099BF46 /* PBXContainerItemProxy */ = {
			isa = PBXContainerItemProxy;
			containerPortal = B43190CF2A845AFD0099BF46 /* Project object */;
			proxyType = 1;
			remoteGlobalIDString = B43190D62A845AFD0099BF46;
			remoteInfo = "MV-ToDoApp";
		};
		B43190F22A845B010099BF46 /* PBXContainerItemProxy */ = {
			isa = PBXContainerItemProxy;
			containerPortal = B43190CF2A845AFD0099BF46 /* Project object */;
			proxyType = 1;
			remoteGlobalIDString = B43190D62A845AFD0099BF46;
			remoteInfo = "MV-ToDoApp";
		};
/* End PBXContainerItemProxy section */

/* Begin PBXFileReference section */
		B418FA8D2A84896F00E7F478 /* ToDoList.swift */ = {isa = PBXFileReference; lastKnownFileType = sourcecode.swift; path = ToDoList.swift; sourceTree = "<group>"; };
		B418FA8F2A848B1A00E7F478 /* ToDoListStore.swift */ = {isa = PBXFileReference; lastKnownFileType = sourcecode.swift; path = ToDoListStore.swift; sourceTree = "<group>"; };
		B418FA922A84959900E7F478 /* TodoItemCell.swift */ = {isa = PBXFileReference; lastKnownFileType = sourcecode.swift; path = TodoItemCell.swift; sourceTree = "<group>"; };
		B418FA942A8495C700E7F478 /* EmptyTodoListView.swift */ = {isa = PBXFileReference; lastKnownFileType = sourcecode.swift; path = EmptyTodoListView.swift; sourceTree = "<group>"; };
		B43190D72A845AFD0099BF46 /* MV-ToDoApp.app */ = {isa = PBXFileReference; explicitFileType = wrapper.application; includeInIndex = 0; path = "MV-ToDoApp.app"; sourceTree = BUILT_PRODUCTS_DIR; };
		B43190DA2A845AFD0099BF46 /* MV_ToDoAppApp.swift */ = {isa = PBXFileReference; lastKnownFileType = sourcecode.swift; path = MV_ToDoAppApp.swift; sourceTree = "<group>"; };
		B43190DE2A845B000099BF46 /* Assets.xcassets */ = {isa = PBXFileReference; lastKnownFileType = folder.assetcatalog; path = Assets.xcassets; sourceTree = "<group>"; };
		B43190E12A845B000099BF46 /* Preview Assets.xcassets */ = {isa = PBXFileReference; lastKnownFileType = folder.assetcatalog; path = "Preview Assets.xcassets"; sourceTree = "<group>"; };
		B43190E72A845B010099BF46 /* MV-ToDoAppTests.xctest */ = {isa = PBXFileReference; explicitFileType = wrapper.cfbundle; includeInIndex = 0; path = "MV-ToDoAppTests.xctest"; sourceTree = BUILT_PRODUCTS_DIR; };
		B43190EB2A845B010099BF46 /* MV_ToDoAppTests.swift */ = {isa = PBXFileReference; lastKnownFileType = sourcecode.swift; path = MV_ToDoAppTests.swift; sourceTree = "<group>"; };
		B43190F12A845B010099BF46 /* MV-ToDoAppUITests.xctest */ = {isa = PBXFileReference; explicitFileType = wrapper.cfbundle; includeInIndex = 0; path = "MV-ToDoAppUITests.xctest"; sourceTree = BUILT_PRODUCTS_DIR; };
		B43190F52A845B010099BF46 /* MV_ToDoAppUITests.swift */ = {isa = PBXFileReference; lastKnownFileType = sourcecode.swift; path = MV_ToDoAppUITests.swift; sourceTree = "<group>"; };
		B43190F72A845B010099BF46 /* MV_ToDoAppUITestsLaunchTests.swift */ = {isa = PBXFileReference; lastKnownFileType = sourcecode.swift; path = MV_ToDoAppUITestsLaunchTests.swift; sourceTree = "<group>"; };
		B431910F2A845DC70099BF46 /* ToDoListView.swift */ = {isa = PBXFileReference; lastKnownFileType = sourcecode.swift; path = ToDoListView.swift; sourceTree = "<group>"; };
		B43191112A845DD30099BF46 /* ToDoItem.swift */ = {isa = PBXFileReference; lastKnownFileType = sourcecode.swift; path = ToDoItem.swift; sourceTree = "<group>"; };
		B43191142A845E3A0099BF46 /* ToDoListApi.swift */ = {isa = PBXFileReference; lastKnownFileType = sourcecode.swift; path = ToDoListApi.swift; sourceTree = "<group>"; };
		B43191172A845E650099BF46 /* ApiCaller.swift */ = {isa = PBXFileReference; lastKnownFileType = sourcecode.swift; path = ApiCaller.swift; sourceTree = "<group>"; };
		B431911B2A8460530099BF46 /* ApiCallerError.swift */ = {isa = PBXFileReference; lastKnownFileType = sourcecode.swift; path = ApiCallerError.swift; sourceTree = "<group>"; };
		B431911D2A8463530099BF46 /* ToDoList_LocalService.swift */ = {isa = PBXFileReference; lastKnownFileType = sourcecode.swift; path = ToDoList_LocalService.swift; sourceTree = "<group>"; };
		B441D0562A85DEEB0067CDA8 /* CustomError.swift */ = {isa = PBXFileReference; lastKnownFileType = sourcecode.swift; path = CustomError.swift; sourceTree = "<group>"; };
		B44EA6602A85ADE500EC427B /* ToolbarEditButton.swift */ = {isa = PBXFileReference; lastKnownFileType = sourcecode.swift; path = ToolbarEditButton.swift; sourceTree = "<group>"; };
		B4AAA8622A84A4C200F835E6 /* ChangeTodoListNameView.swift */ = {isa = PBXFileReference; lastKnownFileType = sourcecode.swift; path = ChangeTodoListNameView.swift; sourceTree = "<group>"; };
/* End PBXFileReference section */

/* Begin PBXFrameworksBuildPhase section */
		B43190D42A845AFD0099BF46 /* Frameworks */ = {
			isa = PBXFrameworksBuildPhase;
			buildActionMask = 2147483647;
			files = (
			);
			runOnlyForDeploymentPostprocessing = 0;
		};
		B43190E42A845B010099BF46 /* Frameworks */ = {
			isa = PBXFrameworksBuildPhase;
			buildActionMask = 2147483647;
			files = (
			);
			runOnlyForDeploymentPostprocessing = 0;
		};
		B43190EE2A845B010099BF46 /* Frameworks */ = {
			isa = PBXFrameworksBuildPhase;
			buildActionMask = 2147483647;
			files = (
			);
			runOnlyForDeploymentPostprocessing = 0;
		};
/* End PBXFrameworksBuildPhase section */

/* Begin PBXGroup section */
		B418FA912A8494C300E7F478 /* TodoList */ = {
			isa = PBXGroup;
			children = (
				B431910F2A845DC70099BF46 /* ToDoListView.swift */,
				B418FA922A84959900E7F478 /* TodoItemCell.swift */,
				B418FA942A8495C700E7F478 /* EmptyTodoListView.swift */,
				B4AAA8622A84A4C200F835E6 /* ChangeTodoListNameView.swift */,
			);
			path = TodoList;
			sourceTree = "<group>";
		};
		B43190CE2A845AFD0099BF46 = {
			isa = PBXGroup;
			children = (
				B43190D92A845AFD0099BF46 /* MV-ToDoApp */,
				B43190EA2A845B010099BF46 /* MV-ToDoAppTests */,
				B43190F42A845B010099BF46 /* MV-ToDoAppUITests */,
				B43190D82A845AFD0099BF46 /* Products */,
			);
			sourceTree = "<group>";
		};
		B43190D82A845AFD0099BF46 /* Products */ = {
			isa = PBXGroup;
			children = (
				B43190D72A845AFD0099BF46 /* MV-ToDoApp.app */,
				B43190E72A845B010099BF46 /* MV-ToDoAppTests.xctest */,
				B43190F12A845B010099BF46 /* MV-ToDoAppUITests.xctest */,
			);
			name = Products;
			sourceTree = "<group>";
		};
		B43190D92A845AFD0099BF46 /* MV-ToDoApp */ = {
			isa = PBXGroup;
			children = (
				B44EA65E2A85ADB100EC427B /* Common */,
				B43191192A8460150099BF46 /* Constants */,
				B431910E2A845D7A0099BF46 /* Services */,
				B431910D2A845D700099BF46 /* Models */,
				B431910C2A845D540099BF46 /* Views */,
				B43190DA2A845AFD0099BF46 /* MV_ToDoAppApp.swift */,
				B43190DE2A845B000099BF46 /* Assets.xcassets */,
				B43190E02A845B000099BF46 /* Preview Content */,
				B418FA8F2A848B1A00E7F478 /* ToDoListStore.swift */,
			);
			path = "MV-ToDoApp";
			sourceTree = "<group>";
		};
		B43190E02A845B000099BF46 /* Preview Content */ = {
			isa = PBXGroup;
			children = (
				B43190E12A845B000099BF46 /* Preview Assets.xcassets */,
			);
			path = "Preview Content";
			sourceTree = "<group>";
		};
		B43190EA2A845B010099BF46 /* MV-ToDoAppTests */ = {
			isa = PBXGroup;
			children = (
				B43190EB2A845B010099BF46 /* MV_ToDoAppTests.swift */,
			);
			path = "MV-ToDoAppTests";
			sourceTree = "<group>";
		};
		B43190F42A845B010099BF46 /* MV-ToDoAppUITests */ = {
			isa = PBXGroup;
			children = (
				B43190F52A845B010099BF46 /* MV_ToDoAppUITests.swift */,
				B43190F72A845B010099BF46 /* MV_ToDoAppUITestsLaunchTests.swift */,
			);
			path = "MV-ToDoAppUITests";
			sourceTree = "<group>";
		};
		B431910C2A845D540099BF46 /* Views */ = {
			isa = PBXGroup;
			children = (
				B418FA912A8494C300E7F478 /* TodoList */,
			);
			path = Views;
			sourceTree = "<group>";
		};
		B431910D2A845D700099BF46 /* Models */ = {
			isa = PBXGroup;
			children = (
				B43191112A845DD30099BF46 /* ToDoItem.swift */,
				B418FA8D2A84896F00E7F478 /* ToDoList.swift */,
			);
			path = Models;
			sourceTree = "<group>";
		};
		B431910E2A845D7A0099BF46 /* Services */ = {
			isa = PBXGroup;
			children = (
				B43191162A845E570099BF46 /* Networking */,
				B43191132A845DD70099BF46 /* ToDoList */,
			);
			path = Services;
			sourceTree = "<group>";
		};
		B43191132A845DD70099BF46 /* ToDoList */ = {
			isa = PBXGroup;
			children = (
				B43191142A845E3A0099BF46 /* ToDoListApi.swift */,
				B431911D2A8463530099BF46 /* ToDoList_LocalService.swift */,
			);
			path = ToDoList;
			sourceTree = "<group>";
		};
		B43191162A845E570099BF46 /* Networking */ = {
			isa = PBXGroup;
			children = (
				B43191172A845E650099BF46 /* ApiCaller.swift */,
			);
			path = Networking;
			sourceTree = "<group>";
		};
		B43191192A8460150099BF46 /* Constants */ = {
			isa = PBXGroup;
			children = (
				B431911B2A8460530099BF46 /* ApiCallerError.swift */,
				B441D0562A85DEEB0067CDA8 /* CustomError.swift */,
			);
			path = Constants;
			sourceTree = "<group>";
		};
		B44EA65E2A85ADB100EC427B /* Common */ = {
			isa = PBXGroup;
			children = (
				B44EA65F2A85ADB600EC427B /* Views */,
			);
			path = Common;
			sourceTree = "<group>";
		};
		B44EA65F2A85ADB600EC427B /* Views */ = {
			isa = PBXGroup;
			children = (
				B44EA6602A85ADE500EC427B /* ToolbarEditButton.swift */,
			);
			path = Views;
			sourceTree = "<group>";
		};
/* End PBXGroup section */

/* Begin PBXNativeTarget section */
		B43190D62A845AFD0099BF46 /* MV-ToDoApp */ = {
			isa = PBXNativeTarget;
			buildConfigurationList = B43190FB2A845B010099BF46 /* Build configuration list for PBXNativeTarget "MV-ToDoApp" */;
			buildPhases = (
				B43190D32A845AFD0099BF46 /* Sources */,
				B43190D42A845AFD0099BF46 /* Frameworks */,
				B43190D52A845AFD0099BF46 /* Resources */,
			);
			buildRules = (
			);
			dependencies = (
			);
			name = "MV-ToDoApp";
			productName = "MV-ToDoApp";
			productReference = B43190D72A845AFD0099BF46 /* MV-ToDoApp.app */;
			productType = "com.apple.product-type.application";
		};
		B43190E62A845B010099BF46 /* MV-ToDoAppTests */ = {
			isa = PBXNativeTarget;
			buildConfigurationList = B43190FE2A845B010099BF46 /* Build configuration list for PBXNativeTarget "MV-ToDoAppTests" */;
			buildPhases = (
				B43190E32A845B010099BF46 /* Sources */,
				B43190E42A845B010099BF46 /* Frameworks */,
				B43190E52A845B010099BF46 /* Resources */,
			);
			buildRules = (
			);
			dependencies = (
				B43190E92A845B010099BF46 /* PBXTargetDependency */,
			);
			name = "MV-ToDoAppTests";
			productName = "MV-ToDoAppTests";
			productReference = B43190E72A845B010099BF46 /* MV-ToDoAppTests.xctest */;
			productType = "com.apple.product-type.bundle.unit-test";
		};
		B43190F02A845B010099BF46 /* MV-ToDoAppUITests */ = {
			isa = PBXNativeTarget;
			buildConfigurationList = B43191012A845B010099BF46 /* Build configuration list for PBXNativeTarget "MV-ToDoAppUITests" */;
			buildPhases = (
				B43190ED2A845B010099BF46 /* Sources */,
				B43190EE2A845B010099BF46 /* Frameworks */,
				B43190EF2A845B010099BF46 /* Resources */,
			);
			buildRules = (
			);
			dependencies = (
				B43190F32A845B010099BF46 /* PBXTargetDependency */,
			);
			name = "MV-ToDoAppUITests";
			productName = "MV-ToDoAppUITests";
			productReference = B43190F12A845B010099BF46 /* MV-ToDoAppUITests.xctest */;
			productType = "com.apple.product-type.bundle.ui-testing";
		};
/* End PBXNativeTarget section */

/* Begin PBXProject section */
		B43190CF2A845AFD0099BF46 /* Project object */ = {
			isa = PBXProject;
			attributes = {
				BuildIndependentTargetsInParallel = 1;
				LastSwiftUpdateCheck = 1420;
				LastUpgradeCheck = 1420;
				TargetAttributes = {
					B43190D62A845AFD0099BF46 = {
						CreatedOnToolsVersion = 14.2;
					};
					B43190E62A845B010099BF46 = {
						CreatedOnToolsVersion = 14.2;
						TestTargetID = B43190D62A845AFD0099BF46;
					};
					B43190F02A845B010099BF46 = {
						CreatedOnToolsVersion = 14.2;
						TestTargetID = B43190D62A845AFD0099BF46;
					};
				};
			};
			buildConfigurationList = B43190D22A845AFD0099BF46 /* Build configuration list for PBXProject "MV-ToDoApp" */;
			compatibilityVersion = "Xcode 14.0";
			developmentRegion = en;
			hasScannedForEncodings = 0;
			knownRegions = (
				en,
				Base,
			);
			mainGroup = B43190CE2A845AFD0099BF46;
			productRefGroup = B43190D82A845AFD0099BF46 /* Products */;
			projectDirPath = "";
			projectRoot = "";
			targets = (
				B43190D62A845AFD0099BF46 /* MV-ToDoApp */,
				B43190E62A845B010099BF46 /* MV-ToDoAppTests */,
				B43190F02A845B010099BF46 /* MV-ToDoAppUITests */,
			);
		};
/* End PBXProject section */

/* Begin PBXResourcesBuildPhase section */
		B43190D52A845AFD0099BF46 /* Resources */ = {
			isa = PBXResourcesBuildPhase;
			buildActionMask = 2147483647;
			files = (
				B43190E22A845B000099BF46 /* Preview Assets.xcassets in Resources */,
				B43190DF2A845B000099BF46 /* Assets.xcassets in Resources */,
			);
			runOnlyForDeploymentPostprocessing = 0;
		};
		B43190E52A845B010099BF46 /* Resources */ = {
			isa = PBXResourcesBuildPhase;
			buildActionMask = 2147483647;
			files = (
			);
			runOnlyForDeploymentPostprocessing = 0;
		};
		B43190EF2A845B010099BF46 /* Resources */ = {
			isa = PBXResourcesBuildPhase;
			buildActionMask = 2147483647;
			files = (
			);
			runOnlyForDeploymentPostprocessing = 0;
		};
/* End PBXResourcesBuildPhase section */

/* Begin PBXSourcesBuildPhase section */
		B43190D32A845AFD0099BF46 /* Sources */ = {
			isa = PBXSourcesBuildPhase;
			buildActionMask = 2147483647;
			files = (
				B43191152A845E3A0099BF46 /* ToDoListApi.swift in Sources */,
				B418FA8E2A84896F00E7F478 /* ToDoList.swift in Sources */,
				B431911E2A8463530099BF46 /* ToDoList_LocalService.swift in Sources */,
				B4AAA8632A84A4C200F835E6 /* ChangeTodoListNameView.swift in Sources */,
				B418FA952A8495C700E7F478 /* EmptyTodoListView.swift in Sources */,
				B43191182A845E650099BF46 /* ApiCaller.swift in Sources */,
				B43191102A845DC70099BF46 /* ToDoListView.swift in Sources */,
				B441D0572A85DEEB0067CDA8 /* CustomError.swift in Sources */,
				B44EA6612A85ADE500EC427B /* ToolbarEditButton.swift in Sources */,
				B431911C2A8460530099BF46 /* ApiCallerError.swift in Sources */,
				B418FA932A84959900E7F478 /* TodoItemCell.swift in Sources */,
				B43191122A845DD30099BF46 /* ToDoItem.swift in Sources */,
				B43190DB2A845AFD0099BF46 /* MV_ToDoAppApp.swift in Sources */,
				B418FA902A848B1A00E7F478 /* ToDoListStore.swift in Sources */,
			);
			runOnlyForDeploymentPostprocessing = 0;
		};
		B43190E32A845B010099BF46 /* Sources */ = {
			isa = PBXSourcesBuildPhase;
			buildActionMask = 2147483647;
			files = (
				B43190EC2A845B010099BF46 /* MV_ToDoAppTests.swift in Sources */,
			);
			runOnlyForDeploymentPostprocessing = 0;
		};
		B43190ED2A845B010099BF46 /* Sources */ = {
			isa = PBXSourcesBuildPhase;
			buildActionMask = 2147483647;
			files = (
				B43190F62A845B010099BF46 /* MV_ToDoAppUITests.swift in Sources */,
				B43190F82A845B010099BF46 /* MV_ToDoAppUITestsLaunchTests.swift in Sources */,
			);
			runOnlyForDeploymentPostprocessing = 0;
		};
/* End PBXSourcesBuildPhase section */

/* Begin PBXTargetDependency section */
		B43190E92A845B010099BF46 /* PBXTargetDependency */ = {
			isa = PBXTargetDependency;
			target = B43190D62A845AFD0099BF46 /* MV-ToDoApp */;
			targetProxy = B43190E82A845B010099BF46 /* PBXContainerItemProxy */;
		};
		B43190F32A845B010099BF46 /* PBXTargetDependency */ = {
			isa = PBXTargetDependency;
			target = B43190D62A845AFD0099BF46 /* MV-ToDoApp */;
			targetProxy = B43190F22A845B010099BF46 /* PBXContainerItemProxy */;
		};
/* End PBXTargetDependency section */

/* Begin XCBuildConfiguration section */
		B43190F92A845B010099BF46 /* Debug */ = {
			isa = XCBuildConfiguration;
			buildSettings = {
				ALWAYS_SEARCH_USER_PATHS = NO;
				CLANG_ANALYZER_NONNULL = YES;
				CLANG_ANALYZER_NUMBER_OBJECT_CONVERSION = YES_AGGRESSIVE;
				CLANG_CXX_LANGUAGE_STANDARD = "gnu++20";
				CLANG_ENABLE_MODULES = YES;
				CLANG_ENABLE_OBJC_ARC = YES;
				CLANG_ENABLE_OBJC_WEAK = YES;
				CLANG_WARN_BLOCK_CAPTURE_AUTORELEASING = YES;
				CLANG_WARN_BOOL_CONVERSION = YES;
				CLANG_WARN_COMMA = YES;
				CLANG_WARN_CONSTANT_CONVERSION = YES;
				CLANG_WARN_DEPRECATED_OBJC_IMPLEMENTATIONS = YES;
				CLANG_WARN_DIRECT_OBJC_ISA_USAGE = YES_ERROR;
				CLANG_WARN_DOCUMENTATION_COMMENTS = YES;
				CLANG_WARN_EMPTY_BODY = YES;
				CLANG_WARN_ENUM_CONVERSION = YES;
				CLANG_WARN_INFINITE_RECURSION = YES;
				CLANG_WARN_INT_CONVERSION = YES;
				CLANG_WARN_NON_LITERAL_NULL_CONVERSION = YES;
				CLANG_WARN_OBJC_IMPLICIT_RETAIN_SELF = YES;
				CLANG_WARN_OBJC_LITERAL_CONVERSION = YES;
				CLANG_WARN_OBJC_ROOT_CLASS = YES_ERROR;
				CLANG_WARN_QUOTED_INCLUDE_IN_FRAMEWORK_HEADER = YES;
				CLANG_WARN_RANGE_LOOP_ANALYSIS = YES;
				CLANG_WARN_STRICT_PROTOTYPES = YES;
				CLANG_WARN_SUSPICIOUS_MOVE = YES;
				CLANG_WARN_UNGUARDED_AVAILABILITY = YES_AGGRESSIVE;
				CLANG_WARN_UNREACHABLE_CODE = YES;
				CLANG_WARN__DUPLICATE_METHOD_MATCH = YES;
				COPY_PHASE_STRIP = NO;
				DEBUG_INFORMATION_FORMAT = dwarf;
				ENABLE_STRICT_OBJC_MSGSEND = YES;
				ENABLE_TESTABILITY = YES;
				GCC_C_LANGUAGE_STANDARD = gnu11;
				GCC_DYNAMIC_NO_PIC = NO;
				GCC_NO_COMMON_BLOCKS = YES;
				GCC_OPTIMIZATION_LEVEL = 0;
				GCC_PREPROCESSOR_DEFINITIONS = (
					"DEBUG=1",
					"$(inherited)",
				);
				GCC_WARN_64_TO_32_BIT_CONVERSION = YES;
				GCC_WARN_ABOUT_RETURN_TYPE = YES_ERROR;
				GCC_WARN_UNDECLARED_SELECTOR = YES;
				GCC_WARN_UNINITIALIZED_AUTOS = YES_AGGRESSIVE;
				GCC_WARN_UNUSED_FUNCTION = YES;
				GCC_WARN_UNUSED_VARIABLE = YES;
				IPHONEOS_DEPLOYMENT_TARGET = 16.2;
				MTL_ENABLE_DEBUG_INFO = INCLUDE_SOURCE;
				MTL_FAST_MATH = YES;
				ONLY_ACTIVE_ARCH = YES;
				SDKROOT = iphoneos;
				SWIFT_ACTIVE_COMPILATION_CONDITIONS = DEBUG;
				SWIFT_OPTIMIZATION_LEVEL = "-Onone";
			};
			name = Debug;
		};
		B43190FA2A845B010099BF46 /* Release */ = {
			isa = XCBuildConfiguration;
			buildSettings = {
				ALWAYS_SEARCH_USER_PATHS = NO;
				CLANG_ANALYZER_NONNULL = YES;
				CLANG_ANALYZER_NUMBER_OBJECT_CONVERSION = YES_AGGRESSIVE;
				CLANG_CXX_LANGUAGE_STANDARD = "gnu++20";
				CLANG_ENABLE_MODULES = YES;
				CLANG_ENABLE_OBJC_ARC = YES;
				CLANG_ENABLE_OBJC_WEAK = YES;
				CLANG_WARN_BLOCK_CAPTURE_AUTORELEASING = YES;
				CLANG_WARN_BOOL_CONVERSION = YES;
				CLANG_WARN_COMMA = YES;
				CLANG_WARN_CONSTANT_CONVERSION = YES;
				CLANG_WARN_DEPRECATED_OBJC_IMPLEMENTATIONS = YES;
				CLANG_WARN_DIRECT_OBJC_ISA_USAGE = YES_ERROR;
				CLANG_WARN_DOCUMENTATION_COMMENTS = YES;
				CLANG_WARN_EMPTY_BODY = YES;
				CLANG_WARN_ENUM_CONVERSION = YES;
				CLANG_WARN_INFINITE_RECURSION = YES;
				CLANG_WARN_INT_CONVERSION = YES;
				CLANG_WARN_NON_LITERAL_NULL_CONVERSION = YES;
				CLANG_WARN_OBJC_IMPLICIT_RETAIN_SELF = YES;
				CLANG_WARN_OBJC_LITERAL_CONVERSION = YES;
				CLANG_WARN_OBJC_ROOT_CLASS = YES_ERROR;
				CLANG_WARN_QUOTED_INCLUDE_IN_FRAMEWORK_HEADER = YES;
				CLANG_WARN_RANGE_LOOP_ANALYSIS = YES;
				CLANG_WARN_STRICT_PROTOTYPES = YES;
				CLANG_WARN_SUSPICIOUS_MOVE = YES;
				CLANG_WARN_UNGUARDED_AVAILABILITY = YES_AGGRESSIVE;
				CLANG_WARN_UNREACHABLE_CODE = YES;
				CLANG_WARN__DUPLICATE_METHOD_MATCH = YES;
				COPY_PHASE_STRIP = NO;
				DEBUG_INFORMATION_FORMAT = "dwarf-with-dsym";
				ENABLE_NS_ASSERTIONS = NO;
				ENABLE_STRICT_OBJC_MSGSEND = YES;
				GCC_C_LANGUAGE_STANDARD = gnu11;
				GCC_NO_COMMON_BLOCKS = YES;
				GCC_WARN_64_TO_32_BIT_CONVERSION = YES;
				GCC_WARN_ABOUT_RETURN_TYPE = YES_ERROR;
				GCC_WARN_UNDECLARED_SELECTOR = YES;
				GCC_WARN_UNINITIALIZED_AUTOS = YES_AGGRESSIVE;
				GCC_WARN_UNUSED_FUNCTION = YES;
				GCC_WARN_UNUSED_VARIABLE = YES;
				IPHONEOS_DEPLOYMENT_TARGET = 16.2;
				MTL_ENABLE_DEBUG_INFO = NO;
				MTL_FAST_MATH = YES;
				SDKROOT = iphoneos;
				SWIFT_COMPILATION_MODE = wholemodule;
				SWIFT_OPTIMIZATION_LEVEL = "-O";
				VALIDATE_PRODUCT = YES;
			};
			name = Release;
		};
		B43190FC2A845B010099BF46 /* Debug */ = {
			isa = XCBuildConfiguration;
			buildSettings = {
				ASSETCATALOG_COMPILER_APPICON_NAME = AppIcon;
				ASSETCATALOG_COMPILER_GLOBAL_ACCENT_COLOR_NAME = AccentColor;
				CODE_SIGN_STYLE = Automatic;
				CURRENT_PROJECT_VERSION = 1;
				DEVELOPMENT_ASSET_PATHS = "\"MV-ToDoApp/Preview Content\"";
				DEVELOPMENT_TEAM = UT2RZS7M95;
				ENABLE_PREVIEWS = YES;
				GENERATE_INFOPLIST_FILE = YES;
				INFOPLIST_KEY_UIApplicationSceneManifest_Generation = YES;
				INFOPLIST_KEY_UIApplicationSupportsIndirectInputEvents = YES;
				INFOPLIST_KEY_UILaunchScreen_Generation = YES;
				INFOPLIST_KEY_UISupportedInterfaceOrientations_iPad = "UIInterfaceOrientationPortrait UIInterfaceOrientationPortraitUpsideDown UIInterfaceOrientationLandscapeLeft UIInterfaceOrientationLandscapeRight";
				INFOPLIST_KEY_UISupportedInterfaceOrientations_iPhone = "UIInterfaceOrientationPortrait UIInterfaceOrientationLandscapeLeft UIInterfaceOrientationLandscapeRight";
				LD_RUNPATH_SEARCH_PATHS = (
					"$(inherited)",
					"@executable_path/Frameworks",
				);
				MARKETING_VERSION = 1.0;
				PRODUCT_BUNDLE_IDENTIFIER = "com.DavidMendoza.MV-ToDoApp";
				PRODUCT_NAME = "$(TARGET_NAME)";
				SWIFT_EMIT_LOC_STRINGS = YES;
				SWIFT_VERSION = 5.0;
				TARGETED_DEVICE_FAMILY = "1,2";
			};
			name = Debug;
		};
		B43190FD2A845B010099BF46 /* Release */ = {
			isa = XCBuildConfiguration;
			buildSettings = {
				ASSETCATALOG_COMPILER_APPICON_NAME = AppIcon;
				ASSETCATALOG_COMPILER_GLOBAL_ACCENT_COLOR_NAME = AccentColor;
				CODE_SIGN_STYLE = Automatic;
				CURRENT_PROJECT_VERSION = 1;
				DEVELOPMENT_ASSET_PATHS = "\"MV-ToDoApp/Preview Content\"";
				DEVELOPMENT_TEAM = UT2RZS7M95;
				ENABLE_PREVIEWS = YES;
				GENERATE_INFOPLIST_FILE = YES;
				INFOPLIST_KEY_UIApplicationSceneManifest_Generation = YES;
				INFOPLIST_KEY_UIApplicationSupportsIndirectInputEvents = YES;
				INFOPLIST_KEY_UILaunchScreen_Generation = YES;
				INFOPLIST_KEY_UISupportedInterfaceOrientations_iPad = "UIInterfaceOrientationPortrait UIInterfaceOrientationPortraitUpsideDown UIInterfaceOrientationLandscapeLeft UIInterfaceOrientationLandscapeRight";
				INFOPLIST_KEY_UISupportedInterfaceOrientations_iPhone = "UIInterfaceOrientationPortrait UIInterfaceOrientationLandscapeLeft UIInterfaceOrientationLandscapeRight";
				LD_RUNPATH_SEARCH_PATHS = (
					"$(inherited)",
					"@executable_path/Frameworks",
				);
				MARKETING_VERSION = 1.0;
				PRODUCT_BUNDLE_IDENTIFIER = "com.DavidMendoza.MV-ToDoApp";
				PRODUCT_NAME = "$(TARGET_NAME)";
				SWIFT_EMIT_LOC_STRINGS = YES;
				SWIFT_VERSION = 5.0;
				TARGETED_DEVICE_FAMILY = "1,2";
			};
			name = Release;
		};
		B43190FF2A845B010099BF46 /* Debug */ = {
			isa = XCBuildConfiguration;
			buildSettings = {
				ALWAYS_EMBED_SWIFT_STANDARD_LIBRARIES = YES;
				BUNDLE_LOADER = "$(TEST_HOST)";
				CODE_SIGN_STYLE = Automatic;
				CURRENT_PROJECT_VERSION = 1;
				DEVELOPMENT_TEAM = UT2RZS7M95;
				GENERATE_INFOPLIST_FILE = YES;
				IPHONEOS_DEPLOYMENT_TARGET = 16.2;
				MARKETING_VERSION = 1.0;
				PRODUCT_BUNDLE_IDENTIFIER = "com.DavidMendoza.MV-ToDoAppTests";
				PRODUCT_NAME = "$(TARGET_NAME)";
				SWIFT_EMIT_LOC_STRINGS = NO;
				SWIFT_VERSION = 5.0;
				TARGETED_DEVICE_FAMILY = "1,2";
				TEST_HOST = "$(BUILT_PRODUCTS_DIR)/MV-ToDoApp.app/$(BUNDLE_EXECUTABLE_FOLDER_PATH)/MV-ToDoApp";
			};
			name = Debug;
		};
		B43191002A845B010099BF46 /* Release */ = {
			isa = XCBuildConfiguration;
			buildSettings = {
				ALWAYS_EMBED_SWIFT_STANDARD_LIBRARIES = YES;
				BUNDLE_LOADER = "$(TEST_HOST)";
				CODE_SIGN_STYLE = Automatic;
				CURRENT_PROJECT_VERSION = 1;
				DEVELOPMENT_TEAM = UT2RZS7M95;
				GENERATE_INFOPLIST_FILE = YES;
				IPHONEOS_DEPLOYMENT_TARGET = 16.2;
				MARKETING_VERSION = 1.0;
				PRODUCT_BUNDLE_IDENTIFIER = "com.DavidMendoza.MV-ToDoAppTests";
				PRODUCT_NAME = "$(TARGET_NAME)";
				SWIFT_EMIT_LOC_STRINGS = NO;
				SWIFT_VERSION = 5.0;
				TARGETED_DEVICE_FAMILY = "1,2";
				TEST_HOST = "$(BUILT_PRODUCTS_DIR)/MV-ToDoApp.app/$(BUNDLE_EXECUTABLE_FOLDER_PATH)/MV-ToDoApp";
			};
			name = Release;
		};
		B43191022A845B010099BF46 /* Debug */ = {
			isa = XCBuildConfiguration;
			buildSettings = {
				ALWAYS_EMBED_SWIFT_STANDARD_LIBRARIES = YES;
				CODE_SIGN_STYLE = Automatic;
				CURRENT_PROJECT_VERSION = 1;
				DEVELOPMENT_TEAM = UT2RZS7M95;
				GENERATE_INFOPLIST_FILE = YES;
				MARKETING_VERSION = 1.0;
				PRODUCT_BUNDLE_IDENTIFIER = "com.DavidMendoza.MV-ToDoAppUITests";
				PRODUCT_NAME = "$(TARGET_NAME)";
				SWIFT_EMIT_LOC_STRINGS = NO;
				SWIFT_VERSION = 5.0;
				TARGETED_DEVICE_FAMILY = "1,2";
				TEST_TARGET_NAME = "MV-ToDoApp";
			};
			name = Debug;
		};
		B43191032A845B010099BF46 /* Release */ = {
			isa = XCBuildConfiguration;
			buildSettings = {
				ALWAYS_EMBED_SWIFT_STANDARD_LIBRARIES = YES;
				CODE_SIGN_STYLE = Automatic;
				CURRENT_PROJECT_VERSION = 1;
				DEVELOPMENT_TEAM = UT2RZS7M95;
				GENERATE_INFOPLIST_FILE = YES;
				MARKETING_VERSION = 1.0;
				PRODUCT_BUNDLE_IDENTIFIER = "com.DavidMendoza.MV-ToDoAppUITests";
				PRODUCT_NAME = "$(TARGET_NAME)";
				SWIFT_EMIT_LOC_STRINGS = NO;
				SWIFT_VERSION = 5.0;
				TARGETED_DEVICE_FAMILY = "1,2";
				TEST_TARGET_NAME = "MV-ToDoApp";
			};
			name = Release;
		};
/* End XCBuildConfiguration section */

/* Begin XCConfigurationList section */
		B43190D22A845AFD0099BF46 /* Build configuration list for PBXProject "MV-ToDoApp" */ = {
			isa = XCConfigurationList;
			buildConfigurations = (
				B43190F92A845B010099BF46 /* Debug */,
				B43190FA2A845B010099BF46 /* Release */,
			);
			defaultConfigurationIsVisible = 0;
			defaultConfigurationName = Release;
		};
		B43190FB2A845B010099BF46 /* Build configuration list for PBXNativeTarget "MV-ToDoApp" */ = {
			isa = XCConfigurationList;
			buildConfigurations = (
				B43190FC2A845B010099BF46 /* Debug */,
				B43190FD2A845B010099BF46 /* Release */,
			);
			defaultConfigurationIsVisible = 0;
			defaultConfigurationName = Release;
		};
		B43190FE2A845B010099BF46 /* Build configuration list for PBXNativeTarget "MV-ToDoAppTests" */ = {
			isa = XCConfigurationList;
			buildConfigurations = (
				B43190FF2A845B010099BF46 /* Debug */,
				B43191002A845B010099BF46 /* Release */,
			);
			defaultConfigurationIsVisible = 0;
			defaultConfigurationName = Release;
		};
		B43191012A845B010099BF46 /* Build configuration list for PBXNativeTarget "MV-ToDoAppUITests" */ = {
			isa = XCConfigurationList;
			buildConfigurations = (
				B43191022A845B010099BF46 /* Debug */,
				B43191032A845B010099BF46 /* Release */,
			);
			defaultConfigurationIsVisible = 0;
			defaultConfigurationName = Release;
		};
/* End XCConfigurationList section */
	};
	rootObject = B43190CF2A845AFD0099BF46 /* Project object */;
}
